
Microsoft Visual Studio Solution File, Format Version 12.00
# Visual Studio Version 17
VisualStudioVersion = 17.5.002.0
MinimumVisualStudioVersion = 10.0.40219.1
Project("{9A19103F-16F7-4668-BE54-9A1E7A4F7556}") = "Calculator", "Calculator.csproj", "{6F928B7F-11B4-46ED-A58B-2198ED09CC6A}"
EndProject
Global
	GlobalSection(SolutionConfigurationPlatforms) = preSolution
		Debug|Any CPU = Debug|Any CPU
		Release|Any CPU = Release|Any CPU
	EndGlobalSection
	GlobalSection(ProjectConfigurationPlatforms) = postSolution
		{6F928B7F-11B4-46ED-A58B-2198ED09CC6A}.Debug|Any CPU.ActiveCfg = Debug|Any CPU
		{6F928B7F-11B4-46ED-A58B-2198ED09CC6A}.Debug|Any CPU.Build.0 = Debug|Any CPU
		{6F928B7F-11B4-46ED-A58B-2198ED09CC6A}.Release|Any CPU.ActiveCfg = Release|Any CPU
		{6F928B7F-11B4-46ED-A58B-2198ED09CC6A}.Release|Any CPU.Build.0 = Release|Any CPU
	EndGlobalSection
	GlobalSection(SolutionProperties) = preSolution
		HideSolutionNode = FALSE
	EndGlobalSection
	GlobalSection(ExtensibilityGlobals) = postSolution
		SolutionGuid = {127E5D9C-A297-41E5-BF8B-12947D932827}
	EndGlobalSection
EndGlobal
